
Microsoft Visual Studio Solution File, Format Version 11.00
# Visual Studio 2010
Project("{FAE04EC0-301F-11D3-BF4B-00C04F79EFBC}") = "spnmario", "spnmario\spnmario\spnmario.csproj", "{7117D976-19AA-4FE8-B014-77B0BBE700C9}"
EndProject
Project("{FAE04EC0-301F-11D3-BF4B-00C04F79EFBC}") = "spnmarioContent", "spnmario\spnmarioContent\spnmarioContent.contentproj", "{9E66E763-128A-4C2E-9C74-5F4B48602F80}"
EndProject
Project("{2150E333-8FDC-42A3-9474-1A3956D46DE8}") = "Solution Items", "Solution Items", "{A2CE5E40-ECB5-4D18-B453-ADFB24BE7AD6}"
	ProjectSection(SolutionItems) = preProject
		Local.testsettings = Local.testsettings
		spnmario.vsmdi = spnmario.vsmdi
		TraceAndTestImpact.testsettings = TraceAndTestImpact.testsettings
	EndProjectSection
EndProject
Project("{FAE04EC0-301F-11D3-BF4B-00C04F79EFBC}") = "TestProject1", "TestProject1\TestProject1.csproj", "{86068326-423B-4EC9-BCDF-A81D25094FD0}"
EndProject
Global
	GlobalSection(TestCaseManagementSettings) = postSolution
		CategoryFile = spnmario.vsmdi
	EndGlobalSection
	GlobalSection(SolutionConfigurationPlatforms) = preSolution
		Debug|Any CPU = Debug|Any CPU
		Debug|Mixed Platforms = Debug|Mixed Platforms
		Debug|x86 = Debug|x86
		Release|Any CPU = Release|Any CPU
		Release|Mixed Platforms = Release|Mixed Platforms
		Release|x86 = Release|x86
	EndGlobalSection
	GlobalSection(ProjectConfigurationPlatforms) = postSolution
		{7117D976-19AA-4FE8-B014-77B0BBE700C9}.Debug|Any CPU.ActiveCfg = Debug|x86
		{7117D976-19AA-4FE8-B014-77B0BBE700C9}.Debug|Mixed Platforms.ActiveCfg = Debug|x86
		{7117D976-19AA-4FE8-B014-77B0BBE700C9}.Debug|Mixed Platforms.Build.0 = Debug|x86
		{7117D976-19AA-4FE8-B014-77B0BBE700C9}.Debug|x86.ActiveCfg = Debug|x86
		{7117D976-19AA-4FE8-B014-77B0BBE700C9}.Debug|x86.Build.0 = Debug|x86
		{7117D976-19AA-4FE8-B014-77B0BBE700C9}.Release|Any CPU.ActiveCfg = Release|x86
		{7117D976-19AA-4FE8-B014-77B0BBE700C9}.Release|Mixed Platforms.ActiveCfg = Release|x86
		{7117D976-19AA-4FE8-B014-77B0BBE700C9}.Release|Mixed Platforms.Build.0 = Release|x86
		{7117D976-19AA-4FE8-B014-77B0BBE700C9}.Release|x86.ActiveCfg = Release|x86
		{7117D976-19AA-4FE8-B014-77B0BBE700C9}.Release|x86.Build.0 = Release|x86
		{9E66E763-128A-4C2E-9C74-5F4B48602F80}.Debug|Any CPU.ActiveCfg = Debug|x86
		{9E66E763-128A-4C2E-9C74-5F4B48602F80}.Debug|Mixed Platforms.ActiveCfg = Debug|x86
		{9E66E763-128A-4C2E-9C74-5F4B48602F80}.Debug|x86.ActiveCfg = Debug|x86
		{9E66E763-128A-4C2E-9C74-5F4B48602F80}.Release|Any CPU.ActiveCfg = Release|x86
		{9E66E763-128A-4C2E-9C74-5F4B48602F80}.Release|Mixed Platforms.ActiveCfg = Release|x86
		{9E66E763-128A-4C2E-9C74-5F4B48602F80}.Release|x86.ActiveCfg = Release|x86
		{86068326-423B-4EC9-BCDF-A81D25094FD0}.Debug|Any CPU.ActiveCfg = Debug|Any CPU
		{86068326-423B-4EC9-BCDF-A81D25094FD0}.Debug|Any CPU.Build.0 = Debug|Any CPU
		{86068326-423B-4EC9-BCDF-A81D25094FD0}.Debug|Mixed Platforms.ActiveCfg = Debug|Any CPU
		{86068326-423B-4EC9-BCDF-A81D25094FD0}.Debug|Mixed Platforms.Build.0 = Debug|Any CPU
		{86068326-423B-4EC9-BCDF-A81D25094FD0}.Debug|x86.ActiveCfg = Debug|Any CPU
		{86068326-423B-4EC9-BCDF-A81D25094FD0}.Release|Any CPU.ActiveCfg = Release|Any CPU
		{86068326-423B-4EC9-BCDF-A81D25094FD0}.Release|Any CPU.Build.0 = Release|Any CPU
		{86068326-423B-4EC9-BCDF-A81D25094FD0}.Release|Mixed Platforms.ActiveCfg = Release|Any CPU
		{86068326-423B-4EC9-BCDF-A81D25094FD0}.Release|Mixed Platforms.Build.0 = Release|Any CPU
		{86068326-423B-4EC9-BCDF-A81D25094FD0}.Release|x86.ActiveCfg = Release|Any CPU
	EndGlobalSection
	GlobalSection(SolutionProperties) = preSolution
		HideSolutionNode = FALSE
	EndGlobalSection
EndGlobal
